{
  "name": "glong",
  "lockfileVersion": 2,
  "requires": true,
  "packages": {
    "": {
      "dependencies": {
        "stimulus-dropdown": "^2.0.0",
        "tailwindcss-stimulus-components": "^3.0.4"
      }
    },
    "node_modules/@hotwired/stimulus": {
      "version": "3.0.1",
      "resolved": "https://registry.npmjs.org/@hotwired/stimulus/-/stimulus-3.0.1.tgz",
      "integrity": "sha512-oHsJhgY2cip+K2ED7vKUNd2P+BEswVhrCYcJ802DSsblJFv7mPFVk3cQKvm2vHgHeDVdnj7oOKrBbzp1u8D+KA=="
    },
    "node_modules/hotkeys-js": {
      "version": "3.9.4",
      "resolved": "https://registry.npmjs.org/hotkeys-js/-/hotkeys-js-3.9.4.tgz",
      "integrity": "sha512-2zuLt85Ta+gIyvs4N88pCYskNrxf1TFv3LR9t5mdAZIX8BcgQQ48F2opUptvHa6m8zsy5v/a0i9mWzTrlNWU0Q=="
    },
    "node_modules/stimulus-dropdown": {
      "version": "2.0.0",
      "resolved": "https://registry.npmjs.org/stimulus-dropdown/-/stimulus-dropdown-2.0.0.tgz",
      "integrity": "sha512-3VUZ4TI9qHvzw+sOEX1oQA8Pw8C/K5yI+oltr5B9DTwFzuJrFZRWR33OK3ERllzZep+quvHZZljIpIRifKCmCg==",
      "dependencies": {
        "stimulus-use": "^0.50.0-2"
      },
      "peerDependencies": {
        "@hotwired/stimulus": "^3.0.0"
      }
    },
    "node_modules/stimulus-use": {
      "version": "0.50.0",
      "resolved": "https://registry.npmjs.org/stimulus-use/-/stimulus-use-0.50.0.tgz",
      "integrity": "sha512-9NScZQiOycQdzh8VZ15pxk6ep/a22fgha2halOvZFpJITC4nsTbWlO7D1hm+9LspFxa5b28tQhm3XkbH/qAlGw==",
      "dependencies": {
        "hotkeys-js": ">=3"
      },
      "peerDependencies": {
        "@hotwired/stimulus": ">= 3"
      }
    },
    "node_modules/tailwindcss-stimulus-components": {
      "version": "3.0.4",
      "resolved": "https://registry.npmjs.org/tailwindcss-stimulus-components/-/tailwindcss-stimulus-components-3.0.4.tgz",
      "integrity": "sha512-kv4CHEcTvZSmthV6PseSdnW/QqKh237fZrvbNKNhWeYsTuEnOrKvdbR+3CmpuTok7L4XgEXk+XOFfo7AMhhtAA==",
      "dependencies": {
        "@hotwired/stimulus": ">=3.0.0"
      },
      "peerDependencies": {
        "@hotwired/stimulus": ">=3.0.0"
      }
    }
  },
  "dependencies": {
    "@hotwired/stimulus": {
      "version": "3.0.1",
      "resolved": "https://registry.npmjs.org/@hotwired/stimulus/-/stimulus-3.0.1.tgz",
      "integrity": "sha512-oHsJhgY2cip+K2ED7vKUNd2P+BEswVhrCYcJ802DSsblJFv7mPFVk3cQKvm2vHgHeDVdnj7oOKrBbzp1u8D+KA=="
    },
    "hotkeys-js": {
      "version": "3.9.4",
      "resolved": "https://registry.npmjs.org/hotkeys-js/-/hotkeys-js-3.9.4.tgz",
      "integrity": "sha512-2zuLt85Ta+gIyvs4N88pCYskNrxf1TFv3LR9t5mdAZIX8BcgQQ48F2opUptvHa6m8zsy5v/a0i9mWzTrlNWU0Q=="
    },
    "stimulus-dropdown": {
      "version": "2.0.0",
      "resolved": "https://registry.npmjs.org/stimulus-dropdown/-/stimulus-dropdown-2.0.0.tgz",
      "integrity": "sha512-3VUZ4TI9qHvzw+sOEX1oQA8Pw8C/K5yI+oltr5B9DTwFzuJrFZRWR33OK3ERllzZep+quvHZZljIpIRifKCmCg==",
      "requires": {
        "stimulus-use": "^0.50.0-2"
      }
    },
    "stimulus-use": {
      "version": "0.50.0",
      "resolved": "https://registry.npmjs.org/stimulus-use/-/stimulus-use-0.50.0.tgz",
      "integrity": "sha512-9NScZQiOycQdzh8VZ15pxk6ep/a22fgha2halOvZFpJITC4nsTbWlO7D1hm+9LspFxa5b28tQhm3XkbH/qAlGw==",
      "requires": {
        "hotkeys-js": ">=3"
      }
    },
    "tailwindcss-stimulus-components": {
      "version": "3.0.4",
      "resolved": "https://registry.npmjs.org/tailwindcss-stimulus-components/-/tailwindcss-stimulus-components-3.0.4.tgz",
      "integrity": "sha512-kv4CHEcTvZSmthV6PseSdnW/QqKh237fZrvbNKNhWeYsTuEnOrKvdbR+3CmpuTok7L4XgEXk+XOFfo7AMhhtAA==",
      "requires": {
        "@hotwired/stimulus": ">=3.0.0"
      }
    }
  }
}
