{
  "name": "glong",
  "lockfileVersion": 2,
  "requires": true,
  "packages": {
    "": {
      "dependencies": {
        "canvas-confetti": "^1.6.0",
        "stimulus-checkbox-select-all": "^5.2.0"
      }
    },
    "node_modules/@hotwired/stimulus": {
      "version": "3.2.1",
      "resolved": "https://registry.npmjs.org/@hotwired/stimulus/-/stimulus-3.2.1.tgz",
      "integrity": "sha512-HGlzDcf9vv/EQrMJ5ZG6VWNs8Z/xMN+1o2OhV1gKiSG6CqZt5MCBB1gRg5ILiN3U0jEAxuDTNPRfBcnZBDmupQ==",
      "peer": true
    },
    "node_modules/canvas-confetti": {
      "version": "1.6.0",
      "resolved": "https://registry.npmjs.org/canvas-confetti/-/canvas-confetti-1.6.0.tgz",
      "integrity": "sha512-ej+w/m8Jzpv9Z7W7uJZer14Ke8P2ogsjg4ZMGIuq4iqUOqY2Jq8BNW42iGmNfRwREaaEfFIczLuZZiEVSYNHAA==",
      "funding": {
        "type": "donate",
        "url": "https://www.paypal.me/kirilvatev"
      }
    },
    "node_modules/stimulus-checkbox-select-all": {
      "version": "5.2.0",
      "resolved": "https://registry.npmjs.org/stimulus-checkbox-select-all/-/stimulus-checkbox-select-all-5.2.0.tgz",
      "integrity": "sha512-gONmYrkWMkw5adNUAX8UnS5riCiO//qLpqtVcFaD63ffMmNLAbS8N03Q/e4eCjvFPTfP5tOSI0TLFNx7MRq9aA==",
      "peerDependencies": {
        "@hotwired/stimulus": "^3.2.1"
      }
    }
  },
  "dependencies": {
    "@hotwired/stimulus": {
      "version": "3.2.1",
      "resolved": "https://registry.npmjs.org/@hotwired/stimulus/-/stimulus-3.2.1.tgz",
      "integrity": "sha512-HGlzDcf9vv/EQrMJ5ZG6VWNs8Z/xMN+1o2OhV1gKiSG6CqZt5MCBB1gRg5ILiN3U0jEAxuDTNPRfBcnZBDmupQ==",
      "peer": true
    },
    "canvas-confetti": {
      "version": "1.6.0",
      "resolved": "https://registry.npmjs.org/canvas-confetti/-/canvas-confetti-1.6.0.tgz",
      "integrity": "sha512-ej+w/m8Jzpv9Z7W7uJZer14Ke8P2ogsjg4ZMGIuq4iqUOqY2Jq8BNW42iGmNfRwREaaEfFIczLuZZiEVSYNHAA=="
    },
    "stimulus-checkbox-select-all": {
      "version": "5.2.0",
      "resolved": "https://registry.npmjs.org/stimulus-checkbox-select-all/-/stimulus-checkbox-select-all-5.2.0.tgz",
      "integrity": "sha512-gONmYrkWMkw5adNUAX8UnS5riCiO//qLpqtVcFaD63ffMmNLAbS8N03Q/e4eCjvFPTfP5tOSI0TLFNx7MRq9aA==",
      "requires": {}
    }
  }
}
