# THIS IS AN AUTOGENERATED FILE. DO NOT EDIT THIS FILE DIRECTLY.
# yarn lockfile v1


stimulus-checkbox-select-all@^5.2.0:
  version "5.2.0"
  resolved "https://registry.yarnpkg.com/stimulus-checkbox-select-all/-/stimulus-checkbox-select-all-5.2.0.tgz#5ce778e5241978c0b6cdc2b000092c7e3dc357a2"
  integrity sha512-gONmYrkWMkw5adNUAX8UnS5riCiO//qLpqtVcFaD63ffMmNLAbS8N03Q/e4eCjvFPTfP5tOSI0TLFNx7MRq9aA==
